
Microsoft Visual Studio Solution File, Format Version 12.00
# Visual Studio Version 17
VisualStudioVersion = 17.5.002.0
MinimumVisualStudioVersion = 10.0.40219.1
Project("{9A19103F-16F7-4668-BE54-9A1E7A4F7556}") = "Leet", "Leet.csproj", "{55D06ED8-FE9E-4143-B4B5-B4014A23C12D}"
EndProject
Global
	GlobalSection(SolutionConfigurationPlatforms) = preSolution
		Debug|Any CPU = Debug|Any CPU
		Release|Any CPU = Release|Any CPU
	EndGlobalSection
	GlobalSection(ProjectConfigurationPlatforms) = postSolution
		{55D06ED8-FE9E-4143-B4B5-B4014A23C12D}.Debug|Any CPU.ActiveCfg = Debug|Any CPU
		{55D06ED8-FE9E-4143-B4B5-B4014A23C12D}.Debug|Any CPU.Build.0 = Debug|Any CPU
		{55D06ED8-FE9E-4143-B4B5-B4014A23C12D}.Release|Any CPU.ActiveCfg = Release|Any CPU
		{55D06ED8-FE9E-4143-B4B5-B4014A23C12D}.Release|Any CPU.Build.0 = Release|Any CPU
	EndGlobalSection
	GlobalSection(SolutionProperties) = preSolution
		HideSolutionNode = FALSE
	EndGlobalSection
	GlobalSection(ExtensibilityGlobals) = postSolution
		SolutionGuid = {202CAB89-9663-46EF-88CA-4618F79EF6B0}
	EndGlobalSection
EndGlobal
